// !$*UTF8*$!
{
	archiveVersion = 1;
	classes = {
	};
	objectVersion = 55;
	objects = {

/* Begin PBXBuildFile section */
		7AA1FB35C6E120E4FE27CB12 /* Pods_Messenger.framework in Frameworks */ = {isa = PBXBuildFile; fileRef = 40CF5827122ED5862D287DB1 /* Pods_Messenger.framework */; };
		F9071E0828849846005DDEEB /* GoogleService-Info.plist in Resources */ = {isa = PBXBuildFile; fileRef = F9071E0728849846005DDEEB /* GoogleService-Info.plist */; };
		F925CF2728832E1100424133 /* AppDelegate.swift in Sources */ = {isa = PBXBuildFile; fileRef = F925CF2628832E1100424133 /* AppDelegate.swift */; };
		F925CF2928832E1100424133 /* SceneDelegate.swift in Sources */ = {isa = PBXBuildFile; fileRef = F925CF2828832E1100424133 /* SceneDelegate.swift */; };
		F925CF2B28832E1100424133 /* ConversationsViewController.swift in Sources */ = {isa = PBXBuildFile; fileRef = F925CF2A28832E1100424133 /* ConversationsViewController.swift */; };
		F925CF2E28832E1100424133 /* Main.storyboard in Resources */ = {isa = PBXBuildFile; fileRef = F925CF2C28832E1100424133 /* Main.storyboard */; };
		F925CF3028832E1300424133 /* Assets.xcassets in Resources */ = {isa = PBXBuildFile; fileRef = F925CF2F28832E1300424133 /* Assets.xcassets */; };
		F925CF3328832E1300424133 /* LaunchScreen.storyboard in Resources */ = {isa = PBXBuildFile; fileRef = F925CF3128832E1300424133 /* LaunchScreen.storyboard */; };
		F925CF412883313300424133 /* LoginViewController.swift in Sources */ = {isa = PBXBuildFile; fileRef = F925CF402883313300424133 /* LoginViewController.swift */; };
		F925CF432883313C00424133 /* RegisterViewController.swift in Sources */ = {isa = PBXBuildFile; fileRef = F925CF422883313C00424133 /* RegisterViewController.swift */; };
		F925CF452883314F00424133 /* PhotoViewerViewController.swift in Sources */ = {isa = PBXBuildFile; fileRef = F925CF442883314F00424133 /* PhotoViewerViewController.swift */; };
		F925CF472883315700424133 /* VideoPlayerViewController.swift in Sources */ = {isa = PBXBuildFile; fileRef = F925CF462883315700424133 /* VideoPlayerViewController.swift */; };
		F925CF492883316A00424133 /* NewConversationViewController.swift in Sources */ = {isa = PBXBuildFile; fileRef = F925CF482883316A00424133 /* NewConversationViewController.swift */; };
		F925CF4B2883317600424133 /* ProfileViewController.swift in Sources */ = {isa = PBXBuildFile; fileRef = F925CF4A2883317600424133 /* ProfileViewController.swift */; };
		F925CF4E28835ABD00424133 /* Extensions.swift in Sources */ = {isa = PBXBuildFile; fileRef = F925CF4D28835ABD00424133 /* Extensions.swift */; };
		F9AB08962885EE6B00DAF354 /* DatabaseManager.swift in Sources */ = {isa = PBXBuildFile; fileRef = F9AB08952885EE6B00DAF354 /* DatabaseManager.swift */; };
/* End PBXBuildFile section */

/* Begin PBXFileReference section */
		40CF5827122ED5862D287DB1 /* Pods_Messenger.framework */ = {isa = PBXFileReference; explicitFileType = wrapper.framework; includeInIndex = 0; path = Pods_Messenger.framework; sourceTree = BUILT_PRODUCTS_DIR; };
		9B3D0BD91D15B5F54FBE7423 /* Pods-Messenger.debug.xcconfig */ = {isa = PBXFileReference; includeInIndex = 1; lastKnownFileType = text.xcconfig; name = "Pods-Messenger.debug.xcconfig"; path = "Target Support Files/Pods-Messenger/Pods-Messenger.debug.xcconfig"; sourceTree = "<group>"; };
		F9071E0728849846005DDEEB /* GoogleService-Info.plist */ = {isa = PBXFileReference; fileEncoding = 4; lastKnownFileType = text.plist.xml; path = "GoogleService-Info.plist"; sourceTree = "<group>"; };
		F925CF2328832E1100424133 /* Messenger.app */ = {isa = PBXFileReference; explicitFileType = wrapper.application; includeInIndex = 0; path = Messenger.app; sourceTree = BUILT_PRODUCTS_DIR; };
		F925CF2628832E1100424133 /* AppDelegate.swift */ = {isa = PBXFileReference; lastKnownFileType = sourcecode.swift; path = AppDelegate.swift; sourceTree = "<group>"; };
		F925CF2828832E1100424133 /* SceneDelegate.swift */ = {isa = PBXFileReference; lastKnownFileType = sourcecode.swift; path = SceneDelegate.swift; sourceTree = "<group>"; };
		F925CF2A28832E1100424133 /* ConversationsViewController.swift */ = {isa = PBXFileReference; lastKnownFileType = sourcecode.swift; path = ConversationsViewController.swift; sourceTree = "<group>"; };
		F925CF2D28832E1100424133 /* Base */ = {isa = PBXFileReference; lastKnownFileType = file.storyboard; name = Base; path = Base.lproj/Main.storyboard; sourceTree = "<group>"; };
		F925CF2F28832E1300424133 /* Assets.xcassets */ = {isa = PBXFileReference; lastKnownFileType = folder.assetcatalog; path = Assets.xcassets; sourceTree = "<group>"; };
		F925CF3228832E1300424133 /* Base */ = {isa = PBXFileReference; lastKnownFileType = file.storyboard; name = Base; path = Base.lproj/LaunchScreen.storyboard; sourceTree = "<group>"; };
		F925CF3428832E1300424133 /* Info.plist */ = {isa = PBXFileReference; lastKnownFileType = text.plist.xml; path = Info.plist; sourceTree = "<group>"; };
		F925CF402883313300424133 /* LoginViewController.swift */ = {isa = PBXFileReference; lastKnownFileType = sourcecode.swift; path = LoginViewController.swift; sourceTree = "<group>"; };
		F925CF422883313C00424133 /* RegisterViewController.swift */ = {isa = PBXFileReference; lastKnownFileType = sourcecode.swift; path = RegisterViewController.swift; sourceTree = "<group>"; };
		F925CF442883314F00424133 /* PhotoViewerViewController.swift */ = {isa = PBXFileReference; lastKnownFileType = sourcecode.swift; path = PhotoViewerViewController.swift; sourceTree = "<group>"; };
		F925CF462883315700424133 /* VideoPlayerViewController.swift */ = {isa = PBXFileReference; lastKnownFileType = sourcecode.swift; path = VideoPlayerViewController.swift; sourceTree = "<group>"; };
		F925CF482883316A00424133 /* NewConversationViewController.swift */ = {isa = PBXFileReference; lastKnownFileType = sourcecode.swift; path = NewConversationViewController.swift; sourceTree = "<group>"; };
		F925CF4A2883317600424133 /* ProfileViewController.swift */ = {isa = PBXFileReference; lastKnownFileType = sourcecode.swift; path = ProfileViewController.swift; sourceTree = "<group>"; };
		F925CF4D28835ABD00424133 /* Extensions.swift */ = {isa = PBXFileReference; lastKnownFileType = sourcecode.swift; path = Extensions.swift; sourceTree = "<group>"; };
		F9AB08952885EE6B00DAF354 /* DatabaseManager.swift */ = {isa = PBXFileReference; lastKnownFileType = sourcecode.swift; path = DatabaseManager.swift; sourceTree = "<group>"; };
		FAF7B78F944469C3DDA815BB /* Pods-Messenger.release.xcconfig */ = {isa = PBXFileReference; includeInIndex = 1; lastKnownFileType = text.xcconfig; name = "Pods-Messenger.release.xcconfig"; path = "Target Support Files/Pods-Messenger/Pods-Messenger.release.xcconfig"; sourceTree = "<group>"; };
/* End PBXFileReference section */

/* Begin PBXFrameworksBuildPhase section */
		F925CF2028832E1100424133 /* Frameworks */ = {
			isa = PBXFrameworksBuildPhase;
			buildActionMask = 2147483647;
			files = (
				7AA1FB35C6E120E4FE27CB12 /* Pods_Messenger.framework in Frameworks */,
			);
			runOnlyForDeploymentPostprocessing = 0;
		};
/* End PBXFrameworksBuildPhase section */

/* Begin PBXGroup section */
		5A13AD0B2C97291CF9E2B266 /* Pods */ = {
			isa = PBXGroup;
			children = (
				9B3D0BD91D15B5F54FBE7423 /* Pods-Messenger.debug.xcconfig */,
				FAF7B78F944469C3DDA815BB /* Pods-Messenger.release.xcconfig */,
			);
			path = Pods;
			sourceTree = "<group>";
		};
		AD61B0EC764591E67CF1CB57 /* Frameworks */ = {
			isa = PBXGroup;
			children = (
				40CF5827122ED5862D287DB1 /* Pods_Messenger.framework */,
			);
			name = Frameworks;
			sourceTree = "<group>";
		};
		F925CF1A28832E1100424133 = {
			isa = PBXGroup;
			children = (
				F925CF2528832E1100424133 /* Messenger */,
				F925CF2428832E1100424133 /* Products */,
				5A13AD0B2C97291CF9E2B266 /* Pods */,
				AD61B0EC764591E67CF1CB57 /* Frameworks */,
			);
			sourceTree = "<group>";
		};
		F925CF2428832E1100424133 /* Products */ = {
			isa = PBXGroup;
			children = (
				F925CF2328832E1100424133 /* Messenger.app */,
			);
			name = Products;
			sourceTree = "<group>";
		};
		F925CF2528832E1100424133 /* Messenger */ = {
			isa = PBXGroup;
			children = (
				F9071E0728849846005DDEEB /* GoogleService-Info.plist */,
				F925CF3E28832F2A00424133 /* Resources */,
				F925CF3D28832F1C00424133 /* ViewModels */,
				F925CF3C28832F0E00424133 /* Models */,
				F925CF3B28832F0800424133 /* Views */,
				F925CF3A28832F0100424133 /* Controllers */,
				F925CF3428832E1300424133 /* Info.plist */,
			);
			path = Messenger;
			sourceTree = "<group>";
		};
		F925CF3A28832F0100424133 /* Controllers */ = {
			isa = PBXGroup;
			children = (
				F925CF2A28832E1100424133 /* ConversationsViewController.swift */,
				F925CF4C2883332C00424133 /* Login */,
				F925CF442883314F00424133 /* PhotoViewerViewController.swift */,
				F925CF462883315700424133 /* VideoPlayerViewController.swift */,
				F925CF482883316A00424133 /* NewConversationViewController.swift */,
				F925CF4A2883317600424133 /* ProfileViewController.swift */,
			);
			path = Controllers;
			sourceTree = "<group>";
		};
		F925CF3B28832F0800424133 /* Views */ = {
			isa = PBXGroup;
			children = (
				F925CF3F28832F6500424133 /* Storyboards */,
				F925CF2F28832E1300424133 /* Assets.xcassets */,
			);
			path = Views;
			sourceTree = "<group>";
		};
		F925CF3C28832F0E00424133 /* Models */ = {
			isa = PBXGroup;
			children = (
			);
			path = Models;
			sourceTree = "<group>";
		};
		F925CF3D28832F1C00424133 /* ViewModels */ = {
			isa = PBXGroup;
			children = (
			);
			path = ViewModels;
			sourceTree = "<group>";
		};
		F925CF3E28832F2A00424133 /* Resources */ = {
			isa = PBXGroup;
			children = (
				F925CF2628832E1100424133 /* AppDelegate.swift */,
				F925CF2828832E1100424133 /* SceneDelegate.swift */,
				F925CF4D28835ABD00424133 /* Extensions.swift */,
				F9AB08952885EE6B00DAF354 /* DatabaseManager.swift */,
			);
			path = Resources;
			sourceTree = "<group>";
		};
		F925CF3F28832F6500424133 /* Storyboards */ = {
			isa = PBXGroup;
			children = (
				F925CF2C28832E1100424133 /* Main.storyboard */,
				F925CF3128832E1300424133 /* LaunchScreen.storyboard */,
			);
			path = Storyboards;
			sourceTree = "<group>";
		};
		F925CF4C2883332C00424133 /* Login */ = {
			isa = PBXGroup;
			children = (
				F925CF402883313300424133 /* LoginViewController.swift */,
				F925CF422883313C00424133 /* RegisterViewController.swift */,
			);
			path = Login;
			sourceTree = "<group>";
		};
/* End PBXGroup section */

/* Begin PBXNativeTarget section */
		F925CF2228832E1100424133 /* Messenger */ = {
			isa = PBXNativeTarget;
			buildConfigurationList = F925CF3728832E1300424133 /* Build configuration list for PBXNativeTarget "Messenger" */;
			buildPhases = (
				C8FAA7655C1A3E40EBF1C0C3 /* [CP] Check Pods Manifest.lock */,
				F925CF1F28832E1100424133 /* Sources */,
				F925CF2028832E1100424133 /* Frameworks */,
				F925CF2128832E1100424133 /* Resources */,
				7CF438EA10531C2D3E2F847D /* [CP] Embed Pods Frameworks */,
				4B630F6EB1D2B2017B16AB40 /* [CP] Copy Pods Resources */,
			);
			buildRules = (
			);
			dependencies = (
			);
			name = Messenger;
			productName = Messenger;
			productReference = F925CF2328832E1100424133 /* Messenger.app */;
			productType = "com.apple.product-type.application";
		};
/* End PBXNativeTarget section */

/* Begin PBXProject section */
		F925CF1B28832E1100424133 /* Project object */ = {
			isa = PBXProject;
			attributes = {
				BuildIndependentTargetsInParallel = 1;
				LastSwiftUpdateCheck = 1340;
				LastUpgradeCheck = 1340;
				TargetAttributes = {
					F925CF2228832E1100424133 = {
						CreatedOnToolsVersion = 13.4.1;
					};
				};
			};
			buildConfigurationList = F925CF1E28832E1100424133 /* Build configuration list for PBXProject "Messenger" */;
			compatibilityVersion = "Xcode 13.0";
			developmentRegion = en;
			hasScannedForEncodings = 0;
			knownRegions = (
				en,
				Base,
			);
			mainGroup = F925CF1A28832E1100424133;
			productRefGroup = F925CF2428832E1100424133 /* Products */;
			projectDirPath = "";
			projectRoot = "";
			targets = (
				F925CF2228832E1100424133 /* Messenger */,
			);
		};
/* End PBXProject section */

/* Begin PBXResourcesBuildPhase section */
		F925CF2128832E1100424133 /* Resources */ = {
			isa = PBXResourcesBuildPhase;
			buildActionMask = 2147483647;
			files = (
				F925CF3328832E1300424133 /* LaunchScreen.storyboard in Resources */,
				F9071E0828849846005DDEEB /* GoogleService-Info.plist in Resources */,
				F925CF3028832E1300424133 /* Assets.xcassets in Resources */,
				F925CF2E28832E1100424133 /* Main.storyboard in Resources */,
			);
			runOnlyForDeploymentPostprocessing = 0;
		};
/* End PBXResourcesBuildPhase section */

/* Begin PBXShellScriptBuildPhase section */
		4B630F6EB1D2B2017B16AB40 /* [CP] Copy Pods Resources */ = {
			isa = PBXShellScriptBuildPhase;
			buildActionMask = 2147483647;
			files = (
			);
			inputFileListPaths = (
				"${PODS_ROOT}/Target Support Files/Pods-Messenger/Pods-Messenger-resources-${CONFIGURATION}-input-files.xcfilelist",
			);
			name = "[CP] Copy Pods Resources";
			outputFileListPaths = (
				"${PODS_ROOT}/Target Support Files/Pods-Messenger/Pods-Messenger-resources-${CONFIGURATION}-output-files.xcfilelist",
			);
			runOnlyForDeploymentPostprocessing = 0;
			shellPath = /bin/sh;
			shellScript = "\"${PODS_ROOT}/Target Support Files/Pods-Messenger/Pods-Messenger-resources.sh\"\n";
			showEnvVarsInLog = 0;
		};
		7CF438EA10531C2D3E2F847D /* [CP] Embed Pods Frameworks */ = {
			isa = PBXShellScriptBuildPhase;
			buildActionMask = 2147483647;
			files = (
			);
			inputFileListPaths = (
				"${PODS_ROOT}/Target Support Files/Pods-Messenger/Pods-Messenger-frameworks-${CONFIGURATION}-input-files.xcfilelist",
			);
			name = "[CP] Embed Pods Frameworks";
			outputFileListPaths = (
				"${PODS_ROOT}/Target Support Files/Pods-Messenger/Pods-Messenger-frameworks-${CONFIGURATION}-output-files.xcfilelist",
			);
			runOnlyForDeploymentPostprocessing = 0;
			shellPath = /bin/sh;
			shellScript = "\"${PODS_ROOT}/Target Support Files/Pods-Messenger/Pods-Messenger-frameworks.sh\"\n";
			showEnvVarsInLog = 0;
		};
		C8FAA7655C1A3E40EBF1C0C3 /* [CP] Check Pods Manifest.lock */ = {
			isa = PBXShellScriptBuildPhase;
			buildActionMask = 2147483647;
			files = (
			);
			inputFileListPaths = (
			);
			inputPaths = (
				"${PODS_PODFILE_DIR_PATH}/Podfile.lock",
				"${PODS_ROOT}/Manifest.lock",
			);
			name = "[CP] Check Pods Manifest.lock";
			outputFileListPaths = (
			);
			outputPaths = (
				"$(DERIVED_FILE_DIR)/Pods-Messenger-checkManifestLockResult.txt",
			);
			runOnlyForDeploymentPostprocessing = 0;
			shellPath = /bin/sh;
			shellScript = "diff \"${PODS_PODFILE_DIR_PATH}/Podfile.lock\" \"${PODS_ROOT}/Manifest.lock\" > /dev/null\nif [ $? != 0 ] ; then\n    # print error to STDERR\n    echo \"error: The sandbox is not in sync with the Podfile.lock. Run 'pod install' or update your CocoaPods installation.\" >&2\n    exit 1\nfi\n# This output is used by Xcode 'outputs' to avoid re-running this script phase.\necho \"SUCCESS\" > \"${SCRIPT_OUTPUT_FILE_0}\"\n";
			showEnvVarsInLog = 0;
		};
/* End PBXShellScriptBuildPhase section */

/* Begin PBXSourcesBuildPhase section */
		F925CF1F28832E1100424133 /* Sources */ = {
			isa = PBXSourcesBuildPhase;
			buildActionMask = 2147483647;
			files = (
				F925CF412883313300424133 /* LoginViewController.swift in Sources */,
				F9AB08962885EE6B00DAF354 /* DatabaseManager.swift in Sources */,
				F925CF432883313C00424133 /* RegisterViewController.swift in Sources */,
				F925CF492883316A00424133 /* NewConversationViewController.swift in Sources */,
				F925CF2B28832E1100424133 /* ConversationsViewController.swift in Sources */,
				F925CF472883315700424133 /* VideoPlayerViewController.swift in Sources */,
				F925CF4E28835ABD00424133 /* Extensions.swift in Sources */,
				F925CF2728832E1100424133 /* AppDelegate.swift in Sources */,
				F925CF4B2883317600424133 /* ProfileViewController.swift in Sources */,
				F925CF2928832E1100424133 /* SceneDelegate.swift in Sources */,
				F925CF452883314F00424133 /* PhotoViewerViewController.swift in Sources */,
			);
			runOnlyForDeploymentPostprocessing = 0;
		};
/* End PBXSourcesBuildPhase section */

/* Begin PBXVariantGroup section */
		F925CF2C28832E1100424133 /* Main.storyboard */ = {
			isa = PBXVariantGroup;
			children = (
				F925CF2D28832E1100424133 /* Base */,
			);
			name = Main.storyboard;
			sourceTree = "<group>";
		};
		F925CF3128832E1300424133 /* LaunchScreen.storyboard */ = {
			isa = PBXVariantGroup;
			children = (
				F925CF3228832E1300424133 /* Base */,
			);
			name = LaunchScreen.storyboard;
			sourceTree = "<group>";
		};
/* End PBXVariantGroup section */

/* Begin XCBuildConfiguration section */
		F925CF3528832E1300424133 /* Debug */ = {
			isa = XCBuildConfiguration;
			buildSettings = {
				ALWAYS_SEARCH_USER_PATHS = NO;
				CLANG_ANALYZER_NONNULL = YES;
				CLANG_ANALYZER_NUMBER_OBJECT_CONVERSION = YES_AGGRESSIVE;
				CLANG_CXX_LANGUAGE_STANDARD = "gnu++17";
				CLANG_ENABLE_MODULES = YES;
				CLANG_ENABLE_OBJC_ARC = YES;
				CLANG_ENABLE_OBJC_WEAK = YES;
				CLANG_WARN_BLOCK_CAPTURE_AUTORELEASING = YES;
				CLANG_WARN_BOOL_CONVERSION = YES;
				CLANG_WARN_COMMA = YES;
				CLANG_WARN_CONSTANT_CONVERSION = YES;
				CLANG_WARN_DEPRECATED_OBJC_IMPLEMENTATIONS = YES;
				CLANG_WARN_DIRECT_OBJC_ISA_USAGE = YES_ERROR;
				CLANG_WARN_DOCUMENTATION_COMMENTS = YES;
				CLANG_WARN_EMPTY_BODY = YES;
				CLANG_WARN_ENUM_CONVERSION = YES;
				CLANG_WARN_INFINITE_RECURSION = YES;
				CLANG_WARN_INT_CONVERSION = YES;
				CLANG_WARN_NON_LITERAL_NULL_CONVERSION = YES;
				CLANG_WARN_OBJC_IMPLICIT_RETAIN_SELF = YES;
				CLANG_WARN_OBJC_LITERAL_CONVERSION = YES;
				CLANG_WARN_OBJC_ROOT_CLASS = YES_ERROR;
				CLANG_WARN_QUOTED_INCLUDE_IN_FRAMEWORK_HEADER = YES;
				CLANG_WARN_RANGE_LOOP_ANALYSIS = YES;
				CLANG_WARN_STRICT_PROTOTYPES = YES;
				CLANG_WARN_SUSPICIOUS_MOVE = YES;
				CLANG_WARN_UNGUARDED_AVAILABILITY = YES_AGGRESSIVE;
				CLANG_WARN_UNREACHABLE_CODE = YES;
				CLANG_WARN__DUPLICATE_METHOD_MATCH = YES;
				COPY_PHASE_STRIP = NO;
				DEBUG_INFORMATION_FORMAT = dwarf;
				ENABLE_STRICT_OBJC_MSGSEND = YES;
				ENABLE_TESTABILITY = YES;
				EXCLUDED_ARCHS = "";
				"EXCLUDED_ARCHS[sdk=iphonesimulator*]" = arm64;
				GCC_C_LANGUAGE_STANDARD = gnu11;
				GCC_DYNAMIC_NO_PIC = NO;
				GCC_NO_COMMON_BLOCKS = YES;
				GCC_OPTIMIZATION_LEVEL = 0;
				GCC_PREPROCESSOR_DEFINITIONS = (
					"DEBUG=1",
					"$(inherited)",
				);
				GCC_WARN_64_TO_32_BIT_CONVERSION = YES;
				GCC_WARN_ABOUT_RETURN_TYPE = YES_ERROR;
				GCC_WARN_UNDECLARED_SELECTOR = YES;
				GCC_WARN_UNINITIALIZED_AUTOS = YES_AGGRESSIVE;
				GCC_WARN_UNUSED_FUNCTION = YES;
				GCC_WARN_UNUSED_VARIABLE = YES;
				IPHONEOS_DEPLOYMENT_TARGET = 15.5;
				MTL_ENABLE_DEBUG_INFO = INCLUDE_SOURCE;
				MTL_FAST_MATH = YES;
				ONLY_ACTIVE_ARCH = YES;
				SDKROOT = iphoneos;
				SWIFT_ACTIVE_COMPILATION_CONDITIONS = DEBUG;
				SWIFT_OPTIMIZATION_LEVEL = "-Onone";
			};
			name = Debug;
		};
		F925CF3628832E1300424133 /* Release */ = {
			isa = XCBuildConfiguration;
			buildSettings = {
				ALWAYS_SEARCH_USER_PATHS = NO;
				CLANG_ANALYZER_NONNULL = YES;
				CLANG_ANALYZER_NUMBER_OBJECT_CONVERSION = YES_AGGRESSIVE;
				CLANG_CXX_LANGUAGE_STANDARD = "gnu++17";
				CLANG_ENABLE_MODULES = YES;
				CLANG_ENABLE_OBJC_ARC = YES;
				CLANG_ENABLE_OBJC_WEAK = YES;
				CLANG_WARN_BLOCK_CAPTURE_AUTORELEASING = YES;
				CLANG_WARN_BOOL_CONVERSION = YES;
				CLANG_WARN_COMMA = YES;
				CLANG_WARN_CONSTANT_CONVERSION = YES;
				CLANG_WARN_DEPRECATED_OBJC_IMPLEMENTATIONS = YES;
				CLANG_WARN_DIRECT_OBJC_ISA_USAGE = YES_ERROR;
				CLANG_WARN_DOCUMENTATION_COMMENTS = YES;
				CLANG_WARN_EMPTY_BODY = YES;
				CLANG_WARN_ENUM_CONVERSION = YES;
				CLANG_WARN_INFINITE_RECURSION = YES;
				CLANG_WARN_INT_CONVERSION = YES;
				CLANG_WARN_NON_LITERAL_NULL_CONVERSION = YES;
				CLANG_WARN_OBJC_IMPLICIT_RETAIN_SELF = YES;
				CLANG_WARN_OBJC_LITERAL_CONVERSION = YES;
				CLANG_WARN_OBJC_ROOT_CLASS = YES_ERROR;
				CLANG_WARN_QUOTED_INCLUDE_IN_FRAMEWORK_HEADER = YES;
				CLANG_WARN_RANGE_LOOP_ANALYSIS = YES;
				CLANG_WARN_STRICT_PROTOTYPES = YES;
				CLANG_WARN_SUSPICIOUS_MOVE = YES;
				CLANG_WARN_UNGUARDED_AVAILABILITY = YES_AGGRESSIVE;
				CLANG_WARN_UNREACHABLE_CODE = YES;
				CLANG_WARN__DUPLICATE_METHOD_MATCH = YES;
				COPY_PHASE_STRIP = NO;
				DEBUG_INFORMATION_FORMAT = "dwarf-with-dsym";
				ENABLE_NS_ASSERTIONS = NO;
				ENABLE_STRICT_OBJC_MSGSEND = YES;
				EXCLUDED_ARCHS = "";
				"EXCLUDED_ARCHS[sdk=iphonesimulator*]" = arm64;
				GCC_C_LANGUAGE_STANDARD = gnu11;
				GCC_NO_COMMON_BLOCKS = YES;
				GCC_WARN_64_TO_32_BIT_CONVERSION = YES;
				GCC_WARN_ABOUT_RETURN_TYPE = YES_ERROR;
				GCC_WARN_UNDECLARED_SELECTOR = YES;
				GCC_WARN_UNINITIALIZED_AUTOS = YES_AGGRESSIVE;
				GCC_WARN_UNUSED_FUNCTION = YES;
				GCC_WARN_UNUSED_VARIABLE = YES;
				IPHONEOS_DEPLOYMENT_TARGET = 15.5;
				MTL_ENABLE_DEBUG_INFO = NO;
				MTL_FAST_MATH = YES;
				ONLY_ACTIVE_ARCH = YES;
				SDKROOT = iphoneos;
				SWIFT_COMPILATION_MODE = wholemodule;
				SWIFT_OPTIMIZATION_LEVEL = "-O";
				VALIDATE_PRODUCT = YES;
			};
			name = Release;
		};
		F925CF3828832E1300424133 /* Debug */ = {
			isa = XCBuildConfiguration;
			baseConfigurationReference = 9B3D0BD91D15B5F54FBE7423 /* Pods-Messenger.debug.xcconfig */;
			buildSettings = {
				ASSETCATALOG_COMPILER_APPICON_NAME = AppIcon;
				ASSETCATALOG_COMPILER_GLOBAL_ACCENT_COLOR_NAME = AccentColor;
				CODE_SIGN_STYLE = Automatic;
				CURRENT_PROJECT_VERSION = 1;
				DEVELOPMENT_TEAM = XYB3K296Y9;
				GENERATE_INFOPLIST_FILE = YES;
				INFOPLIST_FILE = Messenger/Info.plist;
				INFOPLIST_KEY_NSCameraUsageDescription = "Please allow access to talke a profile picture";
				INFOPLIST_KEY_NSPhotoLibraryAddUsageDescription = "Please allow access to select a photo for your profile";
				INFOPLIST_KEY_UIApplicationSupportsIndirectInputEvents = YES;
				INFOPLIST_KEY_UILaunchStoryboardName = LaunchScreen;
				INFOPLIST_KEY_UIMainStoryboardFile = Main;
				INFOPLIST_KEY_UISupportedInterfaceOrientations_iPad = "UIInterfaceOrientationPortrait UIInterfaceOrientationPortraitUpsideDown UIInterfaceOrientationLandscapeLeft UIInterfaceOrientationLandscapeRight";
				INFOPLIST_KEY_UISupportedInterfaceOrientations_iPhone = "UIInterfaceOrientationPortrait UIInterfaceOrientationLandscapeLeft UIInterfaceOrientationLandscapeRight";
				IPHONEOS_DEPLOYMENT_TARGET = 13.0;
				LD_RUNPATH_SEARCH_PATHS = (
					"$(inherited)",
					"@executable_path/Frameworks",
				);
				MARKETING_VERSION = 1.0;
				PRODUCT_BUNDLE_IDENTIFIER = com.eugenevas.Messenger;
				PRODUCT_NAME = "$(TARGET_NAME)";
				SWIFT_EMIT_LOC_STRINGS = YES;
				SWIFT_VERSION = 5.0;
				TARGETED_DEVICE_FAMILY = "1,2";
			};
			name = Debug;
		};
		F925CF3928832E1300424133 /* Release */ = {
			isa = XCBuildConfiguration;
			baseConfigurationReference = FAF7B78F944469C3DDA815BB /* Pods-Messenger.release.xcconfig */;
			buildSettings = {
				ASSETCATALOG_COMPILER_APPICON_NAME = AppIcon;
				ASSETCATALOG_COMPILER_GLOBAL_ACCENT_COLOR_NAME = AccentColor;
				CODE_SIGN_STYLE = Automatic;
				CURRENT_PROJECT_VERSION = 1;
				DEVELOPMENT_TEAM = XYB3K296Y9;
				GENERATE_INFOPLIST_FILE = YES;
				INFOPLIST_FILE = Messenger/Info.plist;
				INFOPLIST_KEY_NSCameraUsageDescription = "Please allow access to talke a profile picture";
				INFOPLIST_KEY_NSPhotoLibraryAddUsageDescription = "Please allow access to select a photo for your profile";
				INFOPLIST_KEY_UIApplicationSupportsIndirectInputEvents = YES;
				INFOPLIST_KEY_UILaunchStoryboardName = LaunchScreen;
				INFOPLIST_KEY_UIMainStoryboardFile = Main;
				INFOPLIST_KEY_UISupportedInterfaceOrientations_iPad = "UIInterfaceOrientationPortrait UIInterfaceOrientationPortraitUpsideDown UIInterfaceOrientationLandscapeLeft UIInterfaceOrientationLandscapeRight";
				INFOPLIST_KEY_UISupportedInterfaceOrientations_iPhone = "UIInterfaceOrientationPortrait UIInterfaceOrientationLandscapeLeft UIInterfaceOrientationLandscapeRight";
				IPHONEOS_DEPLOYMENT_TARGET = 13.0;
				LD_RUNPATH_SEARCH_PATHS = (
					"$(inherited)",
					"@executable_path/Frameworks",
				);
				MARKETING_VERSION = 1.0;
				OTHER_LDFLAGS = (
					"$(inherited)",
					"-ObjC",
					"-l\"c++\"",
					"-l\"icucore\"",
					"-l\"sqlite3\"",
					"-l\"z\"",
					"-framework",
					"\"AppAuth\"",
					"-framework",
					"\"CFNetwork\"",
					"-framework",
					"\"CoreGraphics\"",
					"-framework",
					"\"CoreTelephony\"",
					"-framework",
					"\"CoreText\"",
					"-framework",
					"\"FBAEMKit\"",
					"-framework",
					"\"FBLPromises\"",
					"-framework",
					"\"FBSDKCoreKit\"",
					"-framework",
					"\"FBSDKCoreKit_Basics\"",
					"-framework",
					"\"FBSDKLoginKit\"",
					"-framework",
					"\"FirebaseAnalytics\"",
					"-framework",
					"\"FirebaseAuth\"",
					"-framework",
					"\"FirebaseCore\"",
					"-framework",
					"\"FirebaseCoreDiagnostics\"",
					"-framework",
					"\"FirebaseDatabase\"",
					"-framework",
					"\"FirebaseInstallations\"",
					"-framework",
					"\"Foundation\"",
					"-framework",
					"\"GTMAppAuth\"",
					"-framework",
					"\"GTMSessionFetcher\"",
					"-framework",
					"\"GoogleAppMeasurement\"",
					"-framework",
					"\"GoogleDataTransport\"",
					"-framework",
					"\"GoogleSignIn\"",
					"-framework",
					"\"GoogleUtilities\"",
					"-framework",
					"\"LocalAuthentication\"",
					"-framework",
					"\"SafariServices\"",
					"-framework",
					"\"Security\"",
					"-framework",
					"\"StoreKit\"",
					"-framework",
					"\"SystemConfiguration\"",
					"-framework",
					"\"UIKit\"",
					"-framework",
					"\"leveldb\"",
					"-framework",
					"\"nanopb\"",
					"-weak_framework",
					"\"AuthenticationServices\"",
					"-framework",
					"\"FIRAnalyticsConnector\"",
				);
				PRODUCT_BUNDLE_IDENTIFIER = com.eugenevas.Messenger;
				PRODUCT_NAME = "$(TARGET_NAME)";
				SWIFT_EMIT_LOC_STRINGS = YES;
				SWIFT_VERSION = 5.0;
				TARGETED_DEVICE_FAMILY = "1,2";
			};
			name = Release;
		};
/* End XCBuildConfiguration section */

/* Begin XCConfigurationList section */
		F925CF1E28832E1100424133 /* Build configuration list for PBXProject "Messenger" */ = {
			isa = XCConfigurationList;
			buildConfigurations = (
				F925CF3528832E1300424133 /* Debug */,
				F925CF3628832E1300424133 /* Release */,
			);
			defaultConfigurationIsVisible = 0;
			defaultConfigurationName = Release;
		};
		F925CF3728832E1300424133 /* Build configuration list for PBXNativeTarget "Messenger" */ = {
			isa = XCConfigurationList;
			buildConfigurations = (
				F925CF3828832E1300424133 /* Debug */,
				F925CF3928832E1300424133 /* Release */,
			);
			defaultConfigurationIsVisible = 0;
			defaultConfigurationName = Release;
		};
/* End XCConfigurationList section */
	};
	rootObject = F925CF1B28832E1100424133 /* Project object */;
}
